
Microsoft Visual Studio Solution File, Format Version 12.00
# Visual Studio Version 16
VisualStudioVersion = 16.0.29306.81
MinimumVisualStudioVersion = 10.0.40219.1
Project("{8BC9CEB8-8B4A-11D0-8D11-00A0C91BC942}") = "队列", "队列\队列.vcxproj", "{67FB8398-6BB8-4368-B061-C71645B89787}"
EndProject
Global
	GlobalSection(SolutionConfigurationPlatforms) = preSolution
		Debug|x64 = Debug|x64
		Debug|x86 = Debug|x86
		Release|x64 = Release|x64
		Release|x86 = Release|x86
	EndGlobalSection
	GlobalSection(ProjectConfigurationPlatforms) = postSolution
		{67FB8398-6BB8-4368-B061-C71645B89787}.Debug|x64.ActiveCfg = Debug|x64
		{67FB8398-6BB8-4368-B061-C71645B89787}.Debug|x64.Build.0 = Debug|x64
		{67FB8398-6BB8-4368-B061-C71645B89787}.Debug|x86.ActiveCfg = Debug|Win32
		{67FB8398-6BB8-4368-B061-C71645B89787}.Debug|x86.Build.0 = Debug|Win32
		{67FB8398-6BB8-4368-B061-C71645B89787}.Release|x64.ActiveCfg = Release|x64
		{67FB8398-6BB8-4368-B061-C71645B89787}.Release|x64.Build.0 = Release|x64
		{67FB8398-6BB8-4368-B061-C71645B89787}.Release|x86.ActiveCfg = Release|Win32
		{67FB8398-6BB8-4368-B061-C71645B89787}.Release|x86.Build.0 = Release|Win32
	EndGlobalSection
	GlobalSection(SolutionProperties) = preSolution
		HideSolutionNode = FALSE
	EndGlobalSection
	GlobalSection(ExtensibilityGlobals) = postSolution
		SolutionGuid = {E6CFC8E9-7CD8-43CD-A850-36C491484BE9}
	EndGlobalSection
EndGlobal
